schema: '2.0'
stages:
  create_features:
    cmd: python notebooks/create_features_and_base_pipeline.py
    deps:
    - path: notebooks/create_features_and_base_pipeline.py
      hash: md5
      md5: e4d931c744d3045b82fd61385866f19f
      size: 3943
    outs:
    - path: artefactos/pipeline_base.pkl
      hash: md5
      md5: 4e6fea26d560ef6c9188374be9d88ab9
      size: 912
  configure_and_fit:
    cmd: python notebooks/configure_and_fit_pipeline.py
    deps:
    - path: artefactos/pipeline_base.pkl
      hash: md5
      md5: 4e6fea26d560ef6c9188374be9d88ab9
      size: 912
    - path: notebooks/configure_and_fit_pipeline.py
      hash: md5
      md5: 4a18bed5ec516efc52a1961d8e3a1f32
      size: 4335
    outs:
    - path: artefactos/pipeline_entrenado.pkl
      hash: md5
      md5: b88f345f4397528febacb1301e2e4013
      size: 1257215
  predict_pipeline:
    cmd: python notebooks/predict_pipeline.py
    deps:
    - path: artefactos/pipeline_entrenado.pkl
      hash: md5
      md5: b88f345f4397528febacb1301e2e4013
      size: 1257215
    - path: notebooks/predict_pipeline.py
      hash: md5
      md5: b3e8bedeaf543320536933bbb25e7afb
      size: 3112
    outs:
    - path: data/predictions
      hash: md5
      md5: 50caed44f0904baecb8c35ffc0a0419d.dir
      size: 3089
      nfiles: 1
